
Microsoft Visual Studio Solution File, Format Version 12.00
# Visual Studio Version 16
VisualStudioVersion = 16.0.31112.23
MinimumVisualStudioVersion = 10.0.40219.1
Project("{9A19103F-16F7-4668-BE54-9A1E7A4F7556}") = "Lesson1_ITEA", "Lesson1_ITEA\Lesson1_ITEA.csproj", "{7DC2CAD9-545E-49A3-9CFD-845F14C2AEA9}"
EndProject
Project("{9A19103F-16F7-4668-BE54-9A1E7A4F7556}") = "Lesson2_ITEA", "Lesson2_ITEA\Lesson2_ITEA.csproj", "{01A1E26F-E85C-44C4-8285-EDED9009CC9A}"
EndProject
Project("{9A19103F-16F7-4668-BE54-9A1E7A4F7556}") = "Lesson3_ITEA", "Lesson3_ITEA\Lesson3_ITEA.csproj", "{769B02B4-133E-49CC-B08B-2FFB6280B364}"
EndProject
Project("{9A19103F-16F7-4668-BE54-9A1E7A4F7556}") = "Lesson4_ITEA", "Lesson4_ITEA\Lesson4_ITEA.csproj", "{A0952C74-8E46-4B15-9B84-7427E26DE8ED}"
EndProject
Project("{9A19103F-16F7-4668-BE54-9A1E7A4F7556}") = "Homework", "Homework\Homework.csproj", "{6A339EAC-1810-46B0-8409-8E8DD935B5BF}"
EndProject
Project("{9A19103F-16F7-4668-BE54-9A1E7A4F7556}") = "Lesson5_ITEA", "Lesson5_ITEA\Lesson5_ITEA.csproj", "{6A9405BD-D1CF-4CD8-B6CB-D8A8384125A7}"
EndProject
Project("{9A19103F-16F7-4668-BE54-9A1E7A4F7556}") = "Lesson6_ITEA", "Lesson6_ITEA\Lesson6_ITEA.csproj", "{4644E2BC-AA5C-4124-8D00-35ED43CEDEA1}"
EndProject
Project("{9A19103F-16F7-4668-BE54-9A1E7A4F7556}") = "Lesson7_ITEA", "Lesson7_ITEA\Lesson7_ITEA.csproj", "{B1884E43-597A-4C2B-B442-8035FD80180F}"
EndProject
Project("{FAE04EC0-301F-11D3-BF4B-00C04F79EFBC}") = "ProjectWnd", "ProjectWnd\ProjectWnd.csproj", "{734D3AE4-1FBE-44DE-96FB-4E132928FA4F}"
EndProject
Project("{9A19103F-16F7-4668-BE54-9A1E7A4F7556}") = "Lesson8_ITEA", "Lesson8_ITEA\Lesson8_ITEA.csproj", "{CB3F6B07-ED3E-4C59-B861-F28B1904AB90}"
EndProject
Project("{FAE04EC0-301F-11D3-BF4B-00C04F79EFBC}") = "Snake2", "Snake2\Snake2.csproj", "{D9F42697-D3F7-4188-BAEE-B8C8CB17C75D}"
EndProject
Project("{9A19103F-16F7-4668-BE54-9A1E7A4F7556}") = "Lesson9_ITEA", "Lesson9_ITEA\Lesson9_ITEA.csproj", "{BD3BCF08-149D-4BA3-86EF-080E35D5A5D0}"
EndProject
Project("{9A19103F-16F7-4668-BE54-9A1E7A4F7556}") = "Lesson10_ITEA", "Lesson10_ITEA\Lesson10_ITEA.csproj", "{74FE9228-318E-4127-9627-9D87341984DA}"
EndProject
Project("{9A19103F-16F7-4668-BE54-9A1E7A4F7556}") = "Lesson4_2", "Lesson4_2\Lesson4_2.csproj", "{E73DDAE7-F027-4E33-B1CD-3C4A637939A2}"
EndProject
Project("{9A19103F-16F7-4668-BE54-9A1E7A4F7556}") = "Lesson6_2", "Lesson6_2\Lesson6_2.csproj", "{A0455941-E62B-4587-9DA2-D539E468DC17}"
EndProject
Project("{FAE04EC0-301F-11D3-BF4B-00C04F79EFBC}") = "NewSnake", "NewSnake\NewSnake.csproj", "{4CD35936-9A1D-4A84-9190-010841EB981E}"
EndProject
Project("{FAE04EC0-301F-11D3-BF4B-00C04F79EFBC}") = "Lesson_7_2", "Lesson_7_2\Lesson_7_2.csproj", "{51ACE083-11ED-450C-BFF1-C0A8A7D1DF62}"
EndProject
Global
	GlobalSection(SolutionConfigurationPlatforms) = preSolution
		Debug|Any CPU = Debug|Any CPU
		Release|Any CPU = Release|Any CPU
	EndGlobalSection
	GlobalSection(ProjectConfigurationPlatforms) = postSolution
		{7DC2CAD9-545E-49A3-9CFD-845F14C2AEA9}.Debug|Any CPU.ActiveCfg = Debug|Any CPU
		{7DC2CAD9-545E-49A3-9CFD-845F14C2AEA9}.Debug|Any CPU.Build.0 = Debug|Any CPU
		{7DC2CAD9-545E-49A3-9CFD-845F14C2AEA9}.Release|Any CPU.ActiveCfg = Release|Any CPU
		{7DC2CAD9-545E-49A3-9CFD-845F14C2AEA9}.Release|Any CPU.Build.0 = Release|Any CPU
		{01A1E26F-E85C-44C4-8285-EDED9009CC9A}.Debug|Any CPU.ActiveCfg = Debug|Any CPU
		{01A1E26F-E85C-44C4-8285-EDED9009CC9A}.Debug|Any CPU.Build.0 = Debug|Any CPU
		{01A1E26F-E85C-44C4-8285-EDED9009CC9A}.Release|Any CPU.ActiveCfg = Release|Any CPU
		{01A1E26F-E85C-44C4-8285-EDED9009CC9A}.Release|Any CPU.Build.0 = Release|Any CPU
		{769B02B4-133E-49CC-B08B-2FFB6280B364}.Debug|Any CPU.ActiveCfg = Debug|Any CPU
		{769B02B4-133E-49CC-B08B-2FFB6280B364}.Debug|Any CPU.Build.0 = Debug|Any CPU
		{769B02B4-133E-49CC-B08B-2FFB6280B364}.Release|Any CPU.ActiveCfg = Release|Any CPU
		{769B02B4-133E-49CC-B08B-2FFB6280B364}.Release|Any CPU.Build.0 = Release|Any CPU
		{A0952C74-8E46-4B15-9B84-7427E26DE8ED}.Debug|Any CPU.ActiveCfg = Debug|Any CPU
		{A0952C74-8E46-4B15-9B84-7427E26DE8ED}.Debug|Any CPU.Build.0 = Debug|Any CPU
		{A0952C74-8E46-4B15-9B84-7427E26DE8ED}.Release|Any CPU.ActiveCfg = Release|Any CPU
		{A0952C74-8E46-4B15-9B84-7427E26DE8ED}.Release|Any CPU.Build.0 = Release|Any CPU
		{6A339EAC-1810-46B0-8409-8E8DD935B5BF}.Debug|Any CPU.ActiveCfg = Debug|Any CPU
		{6A339EAC-1810-46B0-8409-8E8DD935B5BF}.Debug|Any CPU.Build.0 = Debug|Any CPU
		{6A339EAC-1810-46B0-8409-8E8DD935B5BF}.Release|Any CPU.ActiveCfg = Release|Any CPU
		{6A339EAC-1810-46B0-8409-8E8DD935B5BF}.Release|Any CPU.Build.0 = Release|Any CPU
		{6A9405BD-D1CF-4CD8-B6CB-D8A8384125A7}.Debug|Any CPU.ActiveCfg = Debug|Any CPU
		{6A9405BD-D1CF-4CD8-B6CB-D8A8384125A7}.Debug|Any CPU.Build.0 = Debug|Any CPU
		{6A9405BD-D1CF-4CD8-B6CB-D8A8384125A7}.Release|Any CPU.ActiveCfg = Release|Any CPU
		{6A9405BD-D1CF-4CD8-B6CB-D8A8384125A7}.Release|Any CPU.Build.0 = Release|Any CPU
		{4644E2BC-AA5C-4124-8D00-35ED43CEDEA1}.Debug|Any CPU.ActiveCfg = Debug|Any CPU
		{4644E2BC-AA5C-4124-8D00-35ED43CEDEA1}.Debug|Any CPU.Build.0 = Debug|Any CPU
		{4644E2BC-AA5C-4124-8D00-35ED43CEDEA1}.Release|Any CPU.ActiveCfg = Release|Any CPU
		{4644E2BC-AA5C-4124-8D00-35ED43CEDEA1}.Release|Any CPU.Build.0 = Release|Any CPU
		{B1884E43-597A-4C2B-B442-8035FD80180F}.Debug|Any CPU.ActiveCfg = Debug|Any CPU
		{B1884E43-597A-4C2B-B442-8035FD80180F}.Debug|Any CPU.Build.0 = Debug|Any CPU
		{B1884E43-597A-4C2B-B442-8035FD80180F}.Release|Any CPU.ActiveCfg = Release|Any CPU
		{B1884E43-597A-4C2B-B442-8035FD80180F}.Release|Any CPU.Build.0 = Release|Any CPU
		{734D3AE4-1FBE-44DE-96FB-4E132928FA4F}.Debug|Any CPU.ActiveCfg = Debug|Any CPU
		{734D3AE4-1FBE-44DE-96FB-4E132928FA4F}.Debug|Any CPU.Build.0 = Debug|Any CPU
		{734D3AE4-1FBE-44DE-96FB-4E132928FA4F}.Release|Any CPU.ActiveCfg = Release|Any CPU
		{734D3AE4-1FBE-44DE-96FB-4E132928FA4F}.Release|Any CPU.Build.0 = Release|Any CPU
		{CB3F6B07-ED3E-4C59-B861-F28B1904AB90}.Debug|Any CPU.ActiveCfg = Debug|Any CPU
		{CB3F6B07-ED3E-4C59-B861-F28B1904AB90}.Debug|Any CPU.Build.0 = Debug|Any CPU
		{CB3F6B07-ED3E-4C59-B861-F28B1904AB90}.Release|Any CPU.ActiveCfg = Release|Any CPU
		{CB3F6B07-ED3E-4C59-B861-F28B1904AB90}.Release|Any CPU.Build.0 = Release|Any CPU
		{D9F42697-D3F7-4188-BAEE-B8C8CB17C75D}.Debug|Any CPU.ActiveCfg = Debug|Any CPU
		{D9F42697-D3F7-4188-BAEE-B8C8CB17C75D}.Debug|Any CPU.Build.0 = Debug|Any CPU
		{D9F42697-D3F7-4188-BAEE-B8C8CB17C75D}.Release|Any CPU.ActiveCfg = Release|Any CPU
		{D9F42697-D3F7-4188-BAEE-B8C8CB17C75D}.Release|Any CPU.Build.0 = Release|Any CPU
		{BD3BCF08-149D-4BA3-86EF-080E35D5A5D0}.Debug|Any CPU.ActiveCfg = Debug|Any CPU
		{BD3BCF08-149D-4BA3-86EF-080E35D5A5D0}.Debug|Any CPU.Build.0 = Debug|Any CPU
		{BD3BCF08-149D-4BA3-86EF-080E35D5A5D0}.Release|Any CPU.ActiveCfg = Release|Any CPU
		{BD3BCF08-149D-4BA3-86EF-080E35D5A5D0}.Release|Any CPU.Build.0 = Release|Any CPU
		{74FE9228-318E-4127-9627-9D87341984DA}.Debug|Any CPU.ActiveCfg = Debug|Any CPU
		{74FE9228-318E-4127-9627-9D87341984DA}.Debug|Any CPU.Build.0 = Debug|Any CPU
		{74FE9228-318E-4127-9627-9D87341984DA}.Release|Any CPU.ActiveCfg = Release|Any CPU
		{74FE9228-318E-4127-9627-9D87341984DA}.Release|Any CPU.Build.0 = Release|Any CPU
		{E73DDAE7-F027-4E33-B1CD-3C4A637939A2}.Debug|Any CPU.ActiveCfg = Debug|Any CPU
		{E73DDAE7-F027-4E33-B1CD-3C4A637939A2}.Debug|Any CPU.Build.0 = Debug|Any CPU
		{E73DDAE7-F027-4E33-B1CD-3C4A637939A2}.Release|Any CPU.ActiveCfg = Release|Any CPU
		{E73DDAE7-F027-4E33-B1CD-3C4A637939A2}.Release|Any CPU.Build.0 = Release|Any CPU
		{A0455941-E62B-4587-9DA2-D539E468DC17}.Debug|Any CPU.ActiveCfg = Debug|Any CPU
		{A0455941-E62B-4587-9DA2-D539E468DC17}.Debug|Any CPU.Build.0 = Debug|Any CPU
		{A0455941-E62B-4587-9DA2-D539E468DC17}.Release|Any CPU.ActiveCfg = Release|Any CPU
		{A0455941-E62B-4587-9DA2-D539E468DC17}.Release|Any CPU.Build.0 = Release|Any CPU
		{4CD35936-9A1D-4A84-9190-010841EB981E}.Debug|Any CPU.ActiveCfg = Debug|Any CPU
		{4CD35936-9A1D-4A84-9190-010841EB981E}.Debug|Any CPU.Build.0 = Debug|Any CPU
		{4CD35936-9A1D-4A84-9190-010841EB981E}.Release|Any CPU.ActiveCfg = Release|Any CPU
		{4CD35936-9A1D-4A84-9190-010841EB981E}.Release|Any CPU.Build.0 = Release|Any CPU
		{51ACE083-11ED-450C-BFF1-C0A8A7D1DF62}.Debug|Any CPU.ActiveCfg = Debug|Any CPU
		{51ACE083-11ED-450C-BFF1-C0A8A7D1DF62}.Debug|Any CPU.Build.0 = Debug|Any CPU
		{51ACE083-11ED-450C-BFF1-C0A8A7D1DF62}.Release|Any CPU.ActiveCfg = Release|Any CPU
		{51ACE083-11ED-450C-BFF1-C0A8A7D1DF62}.Release|Any CPU.Build.0 = Release|Any CPU
	EndGlobalSection
	GlobalSection(SolutionProperties) = preSolution
		HideSolutionNode = FALSE
	EndGlobalSection
	GlobalSection(ExtensibilityGlobals) = postSolution
		SolutionGuid = {67D9414C-F34B-4B4F-8BCD-8FC3A464DBD9}
	EndGlobalSection
EndGlobal
